Microsoft Visual Studio Solution File, Format Version 11.00
# Visual Studio 2008

Project("{12860874-2C17-9E2E-7ECE-C0373ECB5217}") = "VR Shooter", "Assembly-CSharp-vs.csproj", "{5EAEFAC1-09DD-F776-0C0C-D08CEEF54FC8}"
EndProject
Project("{12860874-2C17-9E2E-7ECE-C0373ECB5217}") = "VR Shooter", "Assembly-CSharp-Editor-vs.csproj", "{B2890FA8-E926-CFA5-220E-4A9FCB4711D1}"
EndProject
Global
	GlobalSection(SolutionConfigurationPlatforms) = preSolution
		Debug|Any CPU = Debug|Any CPU
		Release|Any CPU = Release|Any CPU
	EndGlobalSection
	GlobalSection(ProjectConfigurationPlatforms) = postSolution
		{5EAEFAC1-09DD-F776-0C0C-D08CEEF54FC8}.Debug|Any CPU.ActiveCfg = Debug|Any CPU
		{5EAEFAC1-09DD-F776-0C0C-D08CEEF54FC8}.Debug|Any CPU.Build.0 = Debug|Any CPU
		{5EAEFAC1-09DD-F776-0C0C-D08CEEF54FC8}.Release|Any CPU.ActiveCfg = Release|Any CPU
		{5EAEFAC1-09DD-F776-0C0C-D08CEEF54FC8}.Release|Any CPU.Build.0 = Release|Any CPU
		{B2890FA8-E926-CFA5-220E-4A9FCB4711D1}.Debug|Any CPU.ActiveCfg = Debug|Any CPU
		{B2890FA8-E926-CFA5-220E-4A9FCB4711D1}.Debug|Any CPU.Build.0 = Debug|Any CPU
		{B2890FA8-E926-CFA5-220E-4A9FCB4711D1}.Release|Any CPU.ActiveCfg = Release|Any CPU
		{B2890FA8-E926-CFA5-220E-4A9FCB4711D1}.Release|Any CPU.Build.0 = Release|Any CPU
	EndGlobalSection
	GlobalSection(SolutionProperties) = preSolution
		HideSolutionNode = FALSE
	EndGlobalSection
								GlobalSection(MonoDevelopProperties) = preSolution
		StartupItem = Assembly-CSharp.csproj
		Policies = $0
		$0.TextStylePolicy = $1
		$1.inheritsSet = null
		$1.scope = text/x-csharp
		$0.CSharpFormattingPolicy = $2
		$2.inheritsSet = Mono
		$2.inheritsScope = text/x-csharp
		$2.scope = text/x-csharp
		$0.TextStylePolicy = $3
		$3.FileWidth = 120
		$3.TabWidth = 4
		$3.EolMarker = Unix
		$3.inheritsSet = Mono
		$3.inheritsScope = text/plain
		$3.scope = text/plain
	EndGlobalSection

EndGlobal
